
Microsoft Visual Studio Solution File, Format Version 12.00
# Visual Studio Version 17
VisualStudioVersion = 17.11.35222.181
MinimumVisualStudioVersion = 10.0.40219.1
Project("{9A19103F-16F7-4668-BE54-9A1E7A4F7556}") = "POOBouteille", "POOBouteille\POOBouteille.csproj", "{E1785BCE-346A-4CD1-BDFF-6A32BED04E00}"
EndProject
Project("{FAE04EC0-301F-11D3-BF4B-00C04F79EFBC}") = "ClassLibraryBouteille", "ClassLibraryBouteille\ClassLibraryBouteille.csproj", "{C52CF92B-2A2B-4F31-B2F9-BD8A320135D2}"
EndProject
Global
	GlobalSection(SolutionConfigurationPlatforms) = preSolution
		Debug|Any CPU = Debug|Any CPU
		Release|Any CPU = Release|Any CPU
	EndGlobalSection
	GlobalSection(ProjectConfigurationPlatforms) = postSolution
		{E1785BCE-346A-4CD1-BDFF-6A32BED04E00}.Debug|Any CPU.ActiveCfg = Debug|Any CPU
		{E1785BCE-346A-4CD1-BDFF-6A32BED04E00}.Debug|Any CPU.Build.0 = Debug|Any CPU
		{E1785BCE-346A-4CD1-BDFF-6A32BED04E00}.Release|Any CPU.ActiveCfg = Release|Any CPU
		{E1785BCE-346A-4CD1-BDFF-6A32BED04E00}.Release|Any CPU.Build.0 = Release|Any CPU
		{C52CF92B-2A2B-4F31-B2F9-BD8A320135D2}.Debug|Any CPU.ActiveCfg = Debug|Any CPU
		{C52CF92B-2A2B-4F31-B2F9-BD8A320135D2}.Debug|Any CPU.Build.0 = Debug|Any CPU
		{C52CF92B-2A2B-4F31-B2F9-BD8A320135D2}.Release|Any CPU.ActiveCfg = Release|Any CPU
		{C52CF92B-2A2B-4F31-B2F9-BD8A320135D2}.Release|Any CPU.Build.0 = Release|Any CPU
	EndGlobalSection
	GlobalSection(SolutionProperties) = preSolution
		HideSolutionNode = FALSE
	EndGlobalSection
	GlobalSection(ExtensibilityGlobals) = postSolution
		SolutionGuid = {5F37CC20-AD21-47E7-8D3B-A9A893571EE8}
	EndGlobalSection
EndGlobal
